
Microsoft Visual Studio Solution File, Format Version 12.00
# Visual Studio Version 16
VisualStudioVersion = 16.0.30907.101
MinimumVisualStudioVersion = 10.0.40219.1
Project("{FAE04EC0-301F-11D3-BF4B-00C04F79EFBC}") = "OyunSatıs", "OyunSatıs\OyunSatıs.csproj", "{D5C1709C-2067-4EFB-BDE1-C777CDE57B69}"
EndProject
Global
	GlobalSection(SolutionConfigurationPlatforms) = preSolution
		Debug|Any CPU = Debug|Any CPU
		Release|Any CPU = Release|Any CPU
	EndGlobalSection
	GlobalSection(ProjectConfigurationPlatforms) = postSolution
		{D5C1709C-2067-4EFB-BDE1-C777CDE57B69}.Debug|Any CPU.ActiveCfg = Debug|Any CPU
		{D5C1709C-2067-4EFB-BDE1-C777CDE57B69}.Debug|Any CPU.Build.0 = Debug|Any CPU
		{D5C1709C-2067-4EFB-BDE1-C777CDE57B69}.Release|Any CPU.ActiveCfg = Release|Any CPU
		{D5C1709C-2067-4EFB-BDE1-C777CDE57B69}.Release|Any CPU.Build.0 = Release|Any CPU
	EndGlobalSection
	GlobalSection(SolutionProperties) = preSolution
		HideSolutionNode = FALSE
	EndGlobalSection
	GlobalSection(ExtensibilityGlobals) = postSolution
		SolutionGuid = {AA167A28-EA7A-4611-B4F8-2DDAD9B397A2}
	EndGlobalSection
EndGlobal
